
Microsoft Visual Studio Solution File, Format Version 12.00
# Visual Studio Version 16
VisualStudioVersion = 16.0.30907.101
MinimumVisualStudioVersion = 10.0.40219.1
Project("{FAE04EC0-301F-11D3-BF4B-00C04F79EFBC}") = "ShazamExample1", "ShazamExample1\ShazamExample1.csproj", "{D393C88F-5F53-463D-9B28-99A302A29013}"
EndProject
Global
	GlobalSection(SolutionConfigurationPlatforms) = preSolution
		Debug|Any CPU = Debug|Any CPU
		Release|Any CPU = Release|Any CPU
	EndGlobalSection
	GlobalSection(ProjectConfigurationPlatforms) = postSolution
		{D393C88F-5F53-463D-9B28-99A302A29013}.Debug|Any CPU.ActiveCfg = Debug|Any CPU
		{D393C88F-5F53-463D-9B28-99A302A29013}.Debug|Any CPU.Build.0 = Debug|Any CPU
		{D393C88F-5F53-463D-9B28-99A302A29013}.Release|Any CPU.ActiveCfg = Release|Any CPU
		{D393C88F-5F53-463D-9B28-99A302A29013}.Release|Any CPU.Build.0 = Release|Any CPU
	EndGlobalSection
	GlobalSection(SolutionProperties) = preSolution
		HideSolutionNode = FALSE
	EndGlobalSection
	GlobalSection(ExtensibilityGlobals) = postSolution
		SolutionGuid = {A23F1382-7A13-4359-A92E-E9FF6BCAE621}
	EndGlobalSection
EndGlobal
